// !$*UTF8*$!
{
	archiveVersion = 1;
	classes = {
	};
	objectVersion = 55;
	objects = {

/* Begin PBXBuildFile section */
		962A42902885E78700E17496 /* AppDelegate.swift in Sources */ = {isa = PBXBuildFile; fileRef = 962A428F2885E78700E17496 /* AppDelegate.swift */; };
		962A42922885E78700E17496 /* SceneDelegate.swift in Sources */ = {isa = PBXBuildFile; fileRef = 962A42912885E78700E17496 /* SceneDelegate.swift */; };
		962A42942885E78700E17496 /* ViewController.swift in Sources */ = {isa = PBXBuildFile; fileRef = 962A42932885E78700E17496 /* ViewController.swift */; };
		962A42972885E78700E17496 /* Main.storyboard in Resources */ = {isa = PBXBuildFile; fileRef = 962A42952885E78700E17496 /* Main.storyboard */; };
		962A429A2885E78700E17496 /* AppCompraEVenda.xcdatamodeld in Sources */ = {isa = PBXBuildFile; fileRef = 962A42982885E78700E17496 /* AppCompraEVenda.xcdatamodeld */; };
		962A429C2885E78800E17496 /* Assets.xcassets in Resources */ = {isa = PBXBuildFile; fileRef = 962A429B2885E78800E17496 /* Assets.xcassets */; };
		962A429F2885E78800E17496 /* LaunchScreen.storyboard in Resources */ = {isa = PBXBuildFile; fileRef = 962A429D2885E78800E17496 /* LaunchScreen.storyboard */; };
		962A42AC2885E82200E17496 /* FirstScreenView.swift in Sources */ = {isa = PBXBuildFile; fileRef = 962A42AB2885E82200E17496 /* FirstScreenView.swift */; };
		96D5B9C7288999DC007B03E5 /* LoginView.swift in Sources */ = {isa = PBXBuildFile; fileRef = 96D5B9C6288999DC007B03E5 /* LoginView.swift */; };
		96D5B9C928899A04007B03E5 /* LoginViewController.swift in Sources */ = {isa = PBXBuildFile; fileRef = 96D5B9C828899A04007B03E5 /* LoginViewController.swift */; };
		96D5B9CF2889A012007B03E5 /* RegisterView.swift in Sources */ = {isa = PBXBuildFile; fileRef = 96D5B9CE2889A012007B03E5 /* RegisterView.swift */; };
		96D5B9D52889D2A8007B03E5 /* HomeView.swift in Sources */ = {isa = PBXBuildFile; fileRef = 96D5B9D42889D2A8007B03E5 /* HomeView.swift */; };
		96DF6A2B288AE4DE0005C5C6 /* BaseTabBarView.swift in Sources */ = {isa = PBXBuildFile; fileRef = 96DF6A2A288AE4DE0005C5C6 /* BaseTabBarView.swift */; };
/* End PBXBuildFile section */

/* Begin PBXFileReference section */
		962A428C2885E78700E17496 /* AppCompraEVenda.app */ = {isa = PBXFileReference; explicitFileType = wrapper.application; includeInIndex = 0; path = AppCompraEVenda.app; sourceTree = BUILT_PRODUCTS_DIR; };
		962A428F2885E78700E17496 /* AppDelegate.swift */ = {isa = PBXFileReference; lastKnownFileType = sourcecode.swift; path = AppDelegate.swift; sourceTree = "<group>"; };
		962A42912885E78700E17496 /* SceneDelegate.swift */ = {isa = PBXFileReference; lastKnownFileType = sourcecode.swift; path = SceneDelegate.swift; sourceTree = "<group>"; };
		962A42932885E78700E17496 /* ViewController.swift */ = {isa = PBXFileReference; lastKnownFileType = sourcecode.swift; path = ViewController.swift; sourceTree = "<group>"; };
		962A42962885E78700E17496 /* Base */ = {isa = PBXFileReference; lastKnownFileType = file.storyboard; name = Base; path = Base.lproj/Main.storyboard; sourceTree = "<group>"; };
		962A42992885E78700E17496 /* AppCompraEVenda.xcdatamodel */ = {isa = PBXFileReference; lastKnownFileType = wrapper.xcdatamodel; path = AppCompraEVenda.xcdatamodel; sourceTree = "<group>"; };
		962A429B2885E78800E17496 /* Assets.xcassets */ = {isa = PBXFileReference; lastKnownFileType = folder.assetcatalog; path = Assets.xcassets; sourceTree = "<group>"; };
		962A429E2885E78800E17496 /* Base */ = {isa = PBXFileReference; lastKnownFileType = file.storyboard; name = Base; path = Base.lproj/LaunchScreen.storyboard; sourceTree = "<group>"; };
		962A42A02885E78800E17496 /* Info.plist */ = {isa = PBXFileReference; lastKnownFileType = text.plist.xml; path = Info.plist; sourceTree = "<group>"; };
		962A42AB2885E82200E17496 /* FirstScreenView.swift */ = {isa = PBXFileReference; lastKnownFileType = sourcecode.swift; path = FirstScreenView.swift; sourceTree = "<group>"; };
		96D5B9C6288999DC007B03E5 /* LoginView.swift */ = {isa = PBXFileReference; lastKnownFileType = sourcecode.swift; path = LoginView.swift; sourceTree = "<group>"; };
		96D5B9C828899A04007B03E5 /* LoginViewController.swift */ = {isa = PBXFileReference; lastKnownFileType = sourcecode.swift; path = LoginViewController.swift; sourceTree = "<group>"; };
		96D5B9CE2889A012007B03E5 /* RegisterView.swift */ = {isa = PBXFileReference; lastKnownFileType = sourcecode.swift; path = RegisterView.swift; sourceTree = "<group>"; };
		96D5B9D42889D2A8007B03E5 /* HomeView.swift */ = {isa = PBXFileReference; lastKnownFileType = sourcecode.swift; path = HomeView.swift; sourceTree = "<group>"; };
		96DF6A2A288AE4DE0005C5C6 /* BaseTabBarView.swift */ = {isa = PBXFileReference; lastKnownFileType = sourcecode.swift; path = BaseTabBarView.swift; sourceTree = "<group>"; };
/* End PBXFileReference section */

/* Begin PBXFrameworksBuildPhase section */
		962A42892885E78700E17496 /* Frameworks */ = {
			isa = PBXFrameworksBuildPhase;
			buildActionMask = 2147483647;
			files = (
			);
			runOnlyForDeploymentPostprocessing = 0;
		};
/* End PBXFrameworksBuildPhase section */

/* Begin PBXGroup section */
		962A42832885E78700E17496 = {
			isa = PBXGroup;
			children = (
				962A428E2885E78700E17496 /* AppCompraEVenda */,
				962A428D2885E78700E17496 /* Products */,
			);
			sourceTree = "<group>";
		};
		962A428D2885E78700E17496 /* Products */ = {
			isa = PBXGroup;
			children = (
				962A428C2885E78700E17496 /* AppCompraEVenda.app */,
			);
			name = Products;
			sourceTree = "<group>";
		};
		962A428E2885E78700E17496 /* AppCompraEVenda */ = {
			isa = PBXGroup;
			children = (
				96D5B9D02889D219007B03E5 /* Home */,
				96D5B9CA28899FEE007B03E5 /* Register */,
				96D5B9C1288999A7007B03E5 /* Login */,
				962A42A72885E7F000E17496 /* FirstScreen */,
				962A42A62885E7C600E17496 /* AppDelegate */,
				962A42932885E78700E17496 /* ViewController.swift */,
				962A42952885E78700E17496 /* Main.storyboard */,
				962A429B2885E78800E17496 /* Assets.xcassets */,
				962A429D2885E78800E17496 /* LaunchScreen.storyboard */,
				962A42A02885E78800E17496 /* Info.plist */,
				962A42982885E78700E17496 /* AppCompraEVenda.xcdatamodeld */,
			);
			path = AppCompraEVenda;
			sourceTree = "<group>";
		};
		962A42A62885E7C600E17496 /* AppDelegate */ = {
			isa = PBXGroup;
			children = (
				962A428F2885E78700E17496 /* AppDelegate.swift */,
				962A42912885E78700E17496 /* SceneDelegate.swift */,
			);
			path = AppDelegate;
			sourceTree = "<group>";
		};
		962A42A72885E7F000E17496 /* FirstScreen */ = {
			isa = PBXGroup;
			children = (
				962A42AA2885E80B00E17496 /* ViewModel */,
				962A42A92885E80600E17496 /* View */,
				962A42A82885E80000E17496 /* Model */,
			);
			path = FirstScreen;
			sourceTree = "<group>";
		};
		962A42A82885E80000E17496 /* Model */ = {
			isa = PBXGroup;
			children = (
			);
			path = Model;
			sourceTree = "<group>";
		};
		962A42A92885E80600E17496 /* View */ = {
			isa = PBXGroup;
			children = (
				962A42AB2885E82200E17496 /* FirstScreenView.swift */,
			);
			path = View;
			sourceTree = "<group>";
		};
		962A42AA2885E80B00E17496 /* ViewModel */ = {
			isa = PBXGroup;
			children = (
			);
			path = ViewModel;
			sourceTree = "<group>";
		};
		96D5B9C1288999A7007B03E5 /* Login */ = {
			isa = PBXGroup;
			children = (
				96D5B9C4288999BF007B03E5 /* ViewModel */,
				96D5B9C3288999BB007B03E5 /* View */,
				96D5B9C2288999AE007B03E5 /* Model */,
			);
			path = Login;
			sourceTree = "<group>";
		};
		96D5B9C2288999AE007B03E5 /* Model */ = {
			isa = PBXGroup;
			children = (
			);
			path = Model;
			sourceTree = "<group>";
		};
		96D5B9C3288999BB007B03E5 /* View */ = {
			isa = PBXGroup;
			children = (
				96D5B9C6288999DC007B03E5 /* LoginView.swift */,
			);
			path = View;
			sourceTree = "<group>";
		};
		96D5B9C4288999BF007B03E5 /* ViewModel */ = {
			isa = PBXGroup;
			children = (
				96D5B9C828899A04007B03E5 /* LoginViewController.swift */,
			);
			path = ViewModel;
			sourceTree = "<group>";
		};
		96D5B9CA28899FEE007B03E5 /* Register */ = {
			isa = PBXGroup;
			children = (
				96D5B9CD2889A004007B03E5 /* ViewModel */,
				96D5B9CC28899FFF007B03E5 /* View */,
				96D5B9CB28899FFB007B03E5 /* Model */,
			);
			path = Register;
			sourceTree = "<group>";
		};
		96D5B9CB28899FFB007B03E5 /* Model */ = {
			isa = PBXGroup;
			children = (
			);
			path = Model;
			sourceTree = "<group>";
		};
		96D5B9CC28899FFF007B03E5 /* View */ = {
			isa = PBXGroup;
			children = (
				96D5B9CE2889A012007B03E5 /* RegisterView.swift */,
			);
			path = View;
			sourceTree = "<group>";
		};
		96D5B9CD2889A004007B03E5 /* ViewModel */ = {
			isa = PBXGroup;
			children = (
			);
			path = ViewModel;
			sourceTree = "<group>";
		};
		96D5B9D02889D219007B03E5 /* Home */ = {
			isa = PBXGroup;
			children = (
				96D5B9D32889D22A007B03E5 /* ViewModel */,
				96D5B9D22889D226007B03E5 /* View */,
				96D5B9D12889D221007B03E5 /* Model */,
			);
			path = Home;
			sourceTree = "<group>";
		};
		96D5B9D12889D221007B03E5 /* Model */ = {
			isa = PBXGroup;
			children = (
			);
			path = Model;
			sourceTree = "<group>";
		};
		96D5B9D22889D226007B03E5 /* View */ = {
			isa = PBXGroup;
			children = (
				96D5B9D42889D2A8007B03E5 /* HomeView.swift */,
				96DF6A2A288AE4DE0005C5C6 /* BaseTabBarView.swift */,
			);
			path = View;
			sourceTree = "<group>";
		};
		96D5B9D32889D22A007B03E5 /* ViewModel */ = {
			isa = PBXGroup;
			children = (
			);
			path = ViewModel;
			sourceTree = "<group>";
		};
/* End PBXGroup section */

/* Begin PBXNativeTarget section */
		962A428B2885E78700E17496 /* AppCompraEVenda */ = {
			isa = PBXNativeTarget;
			buildConfigurationList = 962A42A32885E78800E17496 /* Build configuration list for PBXNativeTarget "AppCompraEVenda" */;
			buildPhases = (
				962A42882885E78700E17496 /* Sources */,
				962A42892885E78700E17496 /* Frameworks */,
				962A428A2885E78700E17496 /* Resources */,
			);
			buildRules = (
			);
			dependencies = (
			);
			name = AppCompraEVenda;
			productName = AppCompraEVenda;
			productReference = 962A428C2885E78700E17496 /* AppCompraEVenda.app */;
			productType = "com.apple.product-type.application";
		};
/* End PBXNativeTarget section */

/* Begin PBXProject section */
		962A42842885E78700E17496 /* Project object */ = {
			isa = PBXProject;
			attributes = {
				BuildIndependentTargetsInParallel = 1;
				LastSwiftUpdateCheck = 1340;
				LastUpgradeCheck = 1340;
				TargetAttributes = {
					962A428B2885E78700E17496 = {
						CreatedOnToolsVersion = 13.4.1;
					};
				};
			};
			buildConfigurationList = 962A42872885E78700E17496 /* Build configuration list for PBXProject "AppCompraEVenda" */;
			compatibilityVersion = "Xcode 13.0";
			developmentRegion = en;
			hasScannedForEncodings = 0;
			knownRegions = (
				en,
				Base,
			);
			mainGroup = 962A42832885E78700E17496;
			productRefGroup = 962A428D2885E78700E17496 /* Products */;
			projectDirPath = "";
			projectRoot = "";
			targets = (
				962A428B2885E78700E17496 /* AppCompraEVenda */,
			);
		};
/* End PBXProject section */

/* Begin PBXResourcesBuildPhase section */
		962A428A2885E78700E17496 /* Resources */ = {
			isa = PBXResourcesBuildPhase;
			buildActionMask = 2147483647;
			files = (
				962A429F2885E78800E17496 /* LaunchScreen.storyboard in Resources */,
				962A429C2885E78800E17496 /* Assets.xcassets in Resources */,
				962A42972885E78700E17496 /* Main.storyboard in Resources */,
			);
			runOnlyForDeploymentPostprocessing = 0;
		};
/* End PBXResourcesBuildPhase section */

/* Begin PBXSourcesBuildPhase section */
		962A42882885E78700E17496 /* Sources */ = {
			isa = PBXSourcesBuildPhase;
			buildActionMask = 2147483647;
			files = (
				96D5B9D52889D2A8007B03E5 /* HomeView.swift in Sources */,
				96D5B9C928899A04007B03E5 /* LoginViewController.swift in Sources */,
				96D5B9C7288999DC007B03E5 /* LoginView.swift in Sources */,
				96DF6A2B288AE4DE0005C5C6 /* BaseTabBarView.swift in Sources */,
				962A42942885E78700E17496 /* ViewController.swift in Sources */,
				962A42902885E78700E17496 /* AppDelegate.swift in Sources */,
				962A429A2885E78700E17496 /* AppCompraEVenda.xcdatamodeld in Sources */,
				96D5B9CF2889A012007B03E5 /* RegisterView.swift in Sources */,
				962A42AC2885E82200E17496 /* FirstScreenView.swift in Sources */,
				962A42922885E78700E17496 /* SceneDelegate.swift in Sources */,
			);
			runOnlyForDeploymentPostprocessing = 0;
		};
/* End PBXSourcesBuildPhase section */

/* Begin PBXVariantGroup section */
		962A42952885E78700E17496 /* Main.storyboard */ = {
			isa = PBXVariantGroup;
			children = (
				962A42962885E78700E17496 /* Base */,
			);
			name = Main.storyboard;
			sourceTree = "<group>";
		};
		962A429D2885E78800E17496 /* LaunchScreen.storyboard */ = {
			isa = PBXVariantGroup;
			children = (
				962A429E2885E78800E17496 /* Base */,
			);
			name = LaunchScreen.storyboard;
			sourceTree = "<group>";
		};
/* End PBXVariantGroup section */

/* Begin XCBuildConfiguration section */
		962A42A12885E78800E17496 /* Debug */ = {
			isa = XCBuildConfiguration;
			buildSettings = {
				ALWAYS_SEARCH_USER_PATHS = NO;
				CLANG_ANALYZER_NONNULL = YES;
				CLANG_ANALYZER_NUMBER_OBJECT_CONVERSION = YES_AGGRESSIVE;
				CLANG_CXX_LANGUAGE_STANDARD = "gnu++17";
				CLANG_ENABLE_MODULES = YES;
				CLANG_ENABLE_OBJC_ARC = YES;
				CLANG_ENABLE_OBJC_WEAK = YES;
				CLANG_WARN_BLOCK_CAPTURE_AUTORELEASING = YES;
				CLANG_WARN_BOOL_CONVERSION = YES;
				CLANG_WARN_COMMA = YES;
				CLANG_WARN_CONSTANT_CONVERSION = YES;
				CLANG_WARN_DEPRECATED_OBJC_IMPLEMENTATIONS = YES;
				CLANG_WARN_DIRECT_OBJC_ISA_USAGE = YES_ERROR;
				CLANG_WARN_DOCUMENTATION_COMMENTS = YES;
				CLANG_WARN_EMPTY_BODY = YES;
				CLANG_WARN_ENUM_CONVERSION = YES;
				CLANG_WARN_INFINITE_RECURSION = YES;
				CLANG_WARN_INT_CONVERSION = YES;
				CLANG_WARN_NON_LITERAL_NULL_CONVERSION = YES;
				CLANG_WARN_OBJC_IMPLICIT_RETAIN_SELF = YES;
				CLANG_WARN_OBJC_LITERAL_CONVERSION = YES;
				CLANG_WARN_OBJC_ROOT_CLASS = YES_ERROR;
				CLANG_WARN_QUOTED_INCLUDE_IN_FRAMEWORK_HEADER = YES;
				CLANG_WARN_RANGE_LOOP_ANALYSIS = YES;
				CLANG_WARN_STRICT_PROTOTYPES = YES;
				CLANG_WARN_SUSPICIOUS_MOVE = YES;
				CLANG_WARN_UNGUARDED_AVAILABILITY = YES_AGGRESSIVE;
				CLANG_WARN_UNREACHABLE_CODE = YES;
				CLANG_WARN__DUPLICATE_METHOD_MATCH = YES;
				COPY_PHASE_STRIP = NO;
				DEBUG_INFORMATION_FORMAT = dwarf;
				ENABLE_STRICT_OBJC_MSGSEND = YES;
				ENABLE_TESTABILITY = YES;
				GCC_C_LANGUAGE_STANDARD = gnu11;
				GCC_DYNAMIC_NO_PIC = NO;
				GCC_NO_COMMON_BLOCKS = YES;
				GCC_OPTIMIZATION_LEVEL = 0;
				GCC_PREPROCESSOR_DEFINITIONS = (
					"DEBUG=1",
					"$(inherited)",
				);
				GCC_WARN_64_TO_32_BIT_CONVERSION = YES;
				GCC_WARN_ABOUT_RETURN_TYPE = YES_ERROR;
				GCC_WARN_UNDECLARED_SELECTOR = YES;
				GCC_WARN_UNINITIALIZED_AUTOS = YES_AGGRESSIVE;
				GCC_WARN_UNUSED_FUNCTION = YES;
				GCC_WARN_UNUSED_VARIABLE = YES;
				IPHONEOS_DEPLOYMENT_TARGET = 15.5;
				MTL_ENABLE_DEBUG_INFO = INCLUDE_SOURCE;
				MTL_FAST_MATH = YES;
				ONLY_ACTIVE_ARCH = YES;
				SDKROOT = iphoneos;
				SWIFT_ACTIVE_COMPILATION_CONDITIONS = DEBUG;
				SWIFT_OPTIMIZATION_LEVEL = "-Onone";
			};
			name = Debug;
		};
		962A42A22885E78800E17496 /* Release */ = {
			isa = XCBuildConfiguration;
			buildSettings = {
				ALWAYS_SEARCH_USER_PATHS = NO;
				CLANG_ANALYZER_NONNULL = YES;
				CLANG_ANALYZER_NUMBER_OBJECT_CONVERSION = YES_AGGRESSIVE;
				CLANG_CXX_LANGUAGE_STANDARD = "gnu++17";
				CLANG_ENABLE_MODULES = YES;
				CLANG_ENABLE_OBJC_ARC = YES;
				CLANG_ENABLE_OBJC_WEAK = YES;
				CLANG_WARN_BLOCK_CAPTURE_AUTORELEASING = YES;
				CLANG_WARN_BOOL_CONVERSION = YES;
				CLANG_WARN_COMMA = YES;
				CLANG_WARN_CONSTANT_CONVERSION = YES;
				CLANG_WARN_DEPRECATED_OBJC_IMPLEMENTATIONS = YES;
				CLANG_WARN_DIRECT_OBJC_ISA_USAGE = YES_ERROR;
				CLANG_WARN_DOCUMENTATION_COMMENTS = YES;
				CLANG_WARN_EMPTY_BODY = YES;
				CLANG_WARN_ENUM_CONVERSION = YES;
				CLANG_WARN_INFINITE_RECURSION = YES;
				CLANG_WARN_INT_CONVERSION = YES;
				CLANG_WARN_NON_LITERAL_NULL_CONVERSION = YES;
				CLANG_WARN_OBJC_IMPLICIT_RETAIN_SELF = YES;
				CLANG_WARN_OBJC_LITERAL_CONVERSION = YES;
				CLANG_WARN_OBJC_ROOT_CLASS = YES_ERROR;
				CLANG_WARN_QUOTED_INCLUDE_IN_FRAMEWORK_HEADER = YES;
				CLANG_WARN_RANGE_LOOP_ANALYSIS = YES;
				CLANG_WARN_STRICT_PROTOTYPES = YES;
				CLANG_WARN_SUSPICIOUS_MOVE = YES;
				CLANG_WARN_UNGUARDED_AVAILABILITY = YES_AGGRESSIVE;
				CLANG_WARN_UNREACHABLE_CODE = YES;
				CLANG_WARN__DUPLICATE_METHOD_MATCH = YES;
				COPY_PHASE_STRIP = NO;
				DEBUG_INFORMATION_FORMAT = "dwarf-with-dsym";
				ENABLE_NS_ASSERTIONS = NO;
				ENABLE_STRICT_OBJC_MSGSEND = YES;
				GCC_C_LANGUAGE_STANDARD = gnu11;
				GCC_NO_COMMON_BLOCKS = YES;
				GCC_WARN_64_TO_32_BIT_CONVERSION = YES;
				GCC_WARN_ABOUT_RETURN_TYPE = YES_ERROR;
				GCC_WARN_UNDECLARED_SELECTOR = YES;
				GCC_WARN_UNINITIALIZED_AUTOS = YES_AGGRESSIVE;
				GCC_WARN_UNUSED_FUNCTION = YES;
				GCC_WARN_UNUSED_VARIABLE = YES;
				IPHONEOS_DEPLOYMENT_TARGET = 15.5;
				MTL_ENABLE_DEBUG_INFO = NO;
				MTL_FAST_MATH = YES;
				SDKROOT = iphoneos;
				SWIFT_COMPILATION_MODE = wholemodule;
				SWIFT_OPTIMIZATION_LEVEL = "-O";
				VALIDATE_PRODUCT = YES;
			};
			name = Release;
		};
		962A42A42885E78800E17496 /* Debug */ = {
			isa = XCBuildConfiguration;
			buildSettings = {
				ASSETCATALOG_COMPILER_APPICON_NAME = AppIcon;
				ASSETCATALOG_COMPILER_GLOBAL_ACCENT_COLOR_NAME = AccentColor;
				CODE_SIGN_STYLE = Automatic;
				CURRENT_PROJECT_VERSION = 1;
				DEVELOPMENT_TEAM = 5KTT96MV9L;
				GENERATE_INFOPLIST_FILE = YES;
				INFOPLIST_FILE = AppCompraEVenda/Info.plist;
				INFOPLIST_KEY_UIApplicationSupportsIndirectInputEvents = YES;
				INFOPLIST_KEY_UILaunchStoryboardName = LaunchScreen;
				INFOPLIST_KEY_UIMainStoryboardFile = Main;
				INFOPLIST_KEY_UISupportedInterfaceOrientations_iPad = "UIInterfaceOrientationPortrait UIInterfaceOrientationPortraitUpsideDown UIInterfaceOrientationLandscapeLeft UIInterfaceOrientationLandscapeRight";
				INFOPLIST_KEY_UISupportedInterfaceOrientations_iPhone = "UIInterfaceOrientationPortrait UIInterfaceOrientationLandscapeLeft UIInterfaceOrientationLandscapeRight";
				LD_RUNPATH_SEARCH_PATHS = (
					"$(inherited)",
					"@executable_path/Frameworks",
				);
				MARKETING_VERSION = 1.0;
				PRODUCT_BUNDLE_IDENTIFIER = "Vinicius-Angelo.AppCompraEVenda";
				PRODUCT_NAME = "$(TARGET_NAME)";
				SWIFT_EMIT_LOC_STRINGS = YES;
				SWIFT_VERSION = 5.0;
				TARGETED_DEVICE_FAMILY = "1,2";
			};
			name = Debug;
		};
		962A42A52885E78800E17496 /* Release */ = {
			isa = XCBuildConfiguration;
			buildSettings = {
				ASSETCATALOG_COMPILER_APPICON_NAME = AppIcon;
				ASSETCATALOG_COMPILER_GLOBAL_ACCENT_COLOR_NAME = AccentColor;
				CODE_SIGN_STYLE = Automatic;
				CURRENT_PROJECT_VERSION = 1;
				DEVELOPMENT_TEAM = 5KTT96MV9L;
				GENERATE_INFOPLIST_FILE = YES;
				INFOPLIST_FILE = AppCompraEVenda/Info.plist;
				INFOPLIST_KEY_UIApplicationSupportsIndirectInputEvents = YES;
				INFOPLIST_KEY_UILaunchStoryboardName = LaunchScreen;
				INFOPLIST_KEY_UIMainStoryboardFile = Main;
				INFOPLIST_KEY_UISupportedInterfaceOrientations_iPad = "UIInterfaceOrientationPortrait UIInterfaceOrientationPortraitUpsideDown UIInterfaceOrientationLandscapeLeft UIInterfaceOrientationLandscapeRight";
				INFOPLIST_KEY_UISupportedInterfaceOrientations_iPhone = "UIInterfaceOrientationPortrait UIInterfaceOrientationLandscapeLeft UIInterfaceOrientationLandscapeRight";
				LD_RUNPATH_SEARCH_PATHS = (
					"$(inherited)",
					"@executable_path/Frameworks",
				);
				MARKETING_VERSION = 1.0;
				PRODUCT_BUNDLE_IDENTIFIER = "Vinicius-Angelo.AppCompraEVenda";
				PRODUCT_NAME = "$(TARGET_NAME)";
				SWIFT_EMIT_LOC_STRINGS = YES;
				SWIFT_VERSION = 5.0;
				TARGETED_DEVICE_FAMILY = "1,2";
			};
			name = Release;
		};
/* End XCBuildConfiguration section */

/* Begin XCConfigurationList section */
		962A42872885E78700E17496 /* Build configuration list for PBXProject "AppCompraEVenda" */ = {
			isa = XCConfigurationList;
			buildConfigurations = (
				962A42A12885E78800E17496 /* Debug */,
				962A42A22885E78800E17496 /* Release */,
			);
			defaultConfigurationIsVisible = 0;
			defaultConfigurationName = Release;
		};
		962A42A32885E78800E17496 /* Build configuration list for PBXNativeTarget "AppCompraEVenda" */ = {
			isa = XCConfigurationList;
			buildConfigurations = (
				962A42A42885E78800E17496 /* Debug */,
				962A42A52885E78800E17496 /* Release */,
			);
			defaultConfigurationIsVisible = 0;
			defaultConfigurationName = Release;
		};
/* End XCConfigurationList section */

/* Begin XCVersionGroup section */
		962A42982885E78700E17496 /* AppCompraEVenda.xcdatamodeld */ = {
			isa = XCVersionGroup;
			children = (
				962A42992885E78700E17496 /* AppCompraEVenda.xcdatamodel */,
			);
			currentVersion = 962A42992885E78700E17496 /* AppCompraEVenda.xcdatamodel */;
			path = AppCompraEVenda.xcdatamodeld;
			sourceTree = "<group>";
			versionGroupType = wrapper.xcdatamodel;
		};
/* End XCVersionGroup section */
	};
	rootObject = 962A42842885E78700E17496 /* Project object */;
}
